
Microsoft Visual Studio Solution File, Format Version 12.00
# Visual Studio Version 17
VisualStudioVersion = 17.0.31919.166
MinimumVisualStudioVersion = 10.0.40219.1
Project("{FAE04EC0-301F-11D3-BF4B-00C04F79EFBC}") = "3sum", "3sum\3sum.csproj", "{F84CAA5F-41BE-4F64-A599-AD294BCE663B}"
EndProject
Global
	GlobalSection(SolutionConfigurationPlatforms) = preSolution
		Debug|Any CPU = Debug|Any CPU
		Release|Any CPU = Release|Any CPU
	EndGlobalSection
	GlobalSection(ProjectConfigurationPlatforms) = postSolution
		{F84CAA5F-41BE-4F64-A599-AD294BCE663B}.Debug|Any CPU.ActiveCfg = Debug|Any CPU
		{F84CAA5F-41BE-4F64-A599-AD294BCE663B}.Debug|Any CPU.Build.0 = Debug|Any CPU
		{F84CAA5F-41BE-4F64-A599-AD294BCE663B}.Release|Any CPU.ActiveCfg = Release|Any CPU
		{F84CAA5F-41BE-4F64-A599-AD294BCE663B}.Release|Any CPU.Build.0 = Release|Any CPU
	EndGlobalSection
	GlobalSection(SolutionProperties) = preSolution
		HideSolutionNode = FALSE
	EndGlobalSection
	GlobalSection(ExtensibilityGlobals) = postSolution
		SolutionGuid = {9FE6DBAF-95A5-4E62-BEF5-754364D5D3FD}
	EndGlobalSection
EndGlobal
